
Microsoft Visual Studio Solution File, Format Version 12.00
# Visual Studio Version 17
VisualStudioVersion = 17.14.37111.16 d17.14
MinimumVisualStudioVersion = 10.0.40219.1
Project("{FAE04EC0-301F-11D3-BF4B-00C04F79EFBC}") = "RelayServer", "RelayServer.csproj", "{1929FB8F-F28F-2296-E06B-73F218E336C0}"
EndProject
Global
	GlobalSection(SolutionConfigurationPlatforms) = preSolution
		Debug|Any CPU = Debug|Any CPU
		Release|Any CPU = Release|Any CPU
	EndGlobalSection
	GlobalSection(ProjectConfigurationPlatforms) = postSolution
		{1929FB8F-F28F-2296-E06B-73F218E336C0}.Debug|Any CPU.ActiveCfg = Debug|Any CPU
		{1929FB8F-F28F-2296-E06B-73F218E336C0}.Debug|Any CPU.Build.0 = Debug|Any CPU
		{1929FB8F-F28F-2296-E06B-73F218E336C0}.Release|Any CPU.ActiveCfg = Release|Any CPU
		{1929FB8F-F28F-2296-E06B-73F218E336C0}.Release|Any CPU.Build.0 = Release|Any CPU
	EndGlobalSection
	GlobalSection(SolutionProperties) = preSolution
		HideSolutionNode = FALSE
	EndGlobalSection
	GlobalSection(ExtensibilityGlobals) = postSolution
		SolutionGuid = {3F3DCB08-3EAB-49D4-94BE-371715B445EE}
	EndGlobalSection
EndGlobal
